<?xml version="1.0" encoding="utf-8"?>
<Project ToolsVersion="4.0" xmlns="http://schemas.microsoft.com/developer/msbuild/2003">
  <ItemGroup>
    <Filter Include="Source Files">
      <UniqueIdentifier>{584b9677-ed14-4b0e-b92a-3d36bc3ae74e}</UniqueIdentifier>
    </Filter>
    <Filter Include="Generated Files">
      <UniqueIdentifier>{5ab90de0-566f-4373-a9c0-3af8b8a4d90f}</UniqueIdentifier>
      <SourceControlFiles>False</SourceControlFiles>
    </Filter>
  </ItemGroup>
  <ItemGroup>
    <None Include="oAuthps.def" />
  </ItemGroup>
  <ItemGroup>
    <ClCompile Include="oAuth_i.c">
      <Filter>Generated Files</Filter>
    </ClCompile>
    <ClCompile Include="oAuth_p.c">
      <Filter>Generated Files</Filter>
    </ClCompile>
    <ClCompile Include="dlldata.c">
      <Filter>Generated Files</Filter>
    </ClCompile>
  </ItemGroup>
</Project>